
Microsoft Visual Studio Solution File, Format Version 12.00
# Visual Studio Version 17
VisualStudioVersion = 17.14.36301.6 d17.14
MinimumVisualStudioVersion = 10.0.40219.1
Project("{FAE04EC0-301F-11D3-BF4B-00C04F79EFBC}") = "CodeFirstRelation_Pratik", "CodeFirstRelation_Pratik\CodeFirstRelation_Pratik.csproj", "{4B2CA174-496C-4BF2-8656-2CE424EACBCF}"
EndProject
Global
	GlobalSection(SolutionConfigurationPlatforms) = preSolution
		Debug|Any CPU = Debug|Any CPU
		Release|Any CPU = Release|Any CPU
	EndGlobalSection
	GlobalSection(ProjectConfigurationPlatforms) = postSolution
		{4B2CA174-496C-4BF2-8656-2CE424EACBCF}.Debug|Any CPU.ActiveCfg = Debug|Any CPU
		{4B2CA174-496C-4BF2-8656-2CE424EACBCF}.Debug|Any CPU.Build.0 = Debug|Any CPU
		{4B2CA174-496C-4BF2-8656-2CE424EACBCF}.Release|Any CPU.ActiveCfg = Release|Any CPU
		{4B2CA174-496C-4BF2-8656-2CE424EACBCF}.Release|Any CPU.Build.0 = Release|Any CPU
	EndGlobalSection
	GlobalSection(SolutionProperties) = preSolution
		HideSolutionNode = FALSE
	EndGlobalSection
	GlobalSection(ExtensibilityGlobals) = postSolution
		SolutionGuid = {CB921D96-B8E9-4BFD-83D8-ABBE123AD223}
	EndGlobalSection
EndGlobal
